
Microsoft Visual Studio Solution File, Format Version 12.00
# Visual Studio Version 17
VisualStudioVersion = 17.4.33205.214
MinimumVisualStudioVersion = 10.0.40219.1
Project("{FAE04EC0-301F-11D3-BF4B-00C04F79EFBC}") = "Functions", "Functions\Functions.csproj", "{FD8E00B1-C689-4604-B2FA-BAF0EB185080}"
EndProject
Project("{FAE04EC0-301F-11D3-BF4B-00C04F79EFBC}") = "ArgumendsAndParameters", "ArgumendsAndParameters\ArgumendsAndParameters.csproj", "{C313827D-5A40-41E3-8F91-C27B0705DE11}"
EndProject
Project("{FAE04EC0-301F-11D3-BF4B-00C04F79EFBC}") = "Calculator", "Calculator\Calculator.csproj", "{FDFEBA29-B10D-4BC9-AA2D-4D378861784E}"
EndProject
Project("{FAE04EC0-301F-11D3-BF4B-00C04F79EFBC}") = "DiscountCalculator", "DiscountCalculator\DiscountCalculator.csproj", "{9FFE2D65-A509-4387-83A8-93AA4C58788D}"
EndProject
Project("{FAE04EC0-301F-11D3-BF4B-00C04F79EFBC}") = "katsed", "katsed\katsed.csproj", "{BB85BFF2-7F4F-429B-A80B-5FF8A31B2BA2}"
EndProject
Global
	GlobalSection(SolutionConfigurationPlatforms) = preSolution
		Debug|Any CPU = Debug|Any CPU
		Release|Any CPU = Release|Any CPU
	EndGlobalSection
	GlobalSection(ProjectConfigurationPlatforms) = postSolution
		{FD8E00B1-C689-4604-B2FA-BAF0EB185080}.Debug|Any CPU.ActiveCfg = Debug|Any CPU
		{FD8E00B1-C689-4604-B2FA-BAF0EB185080}.Debug|Any CPU.Build.0 = Debug|Any CPU
		{FD8E00B1-C689-4604-B2FA-BAF0EB185080}.Release|Any CPU.ActiveCfg = Release|Any CPU
		{FD8E00B1-C689-4604-B2FA-BAF0EB185080}.Release|Any CPU.Build.0 = Release|Any CPU
		{C313827D-5A40-41E3-8F91-C27B0705DE11}.Debug|Any CPU.ActiveCfg = Debug|Any CPU
		{C313827D-5A40-41E3-8F91-C27B0705DE11}.Debug|Any CPU.Build.0 = Debug|Any CPU
		{C313827D-5A40-41E3-8F91-C27B0705DE11}.Release|Any CPU.ActiveCfg = Release|Any CPU
		{C313827D-5A40-41E3-8F91-C27B0705DE11}.Release|Any CPU.Build.0 = Release|Any CPU
		{FDFEBA29-B10D-4BC9-AA2D-4D378861784E}.Debug|Any CPU.ActiveCfg = Debug|Any CPU
		{FDFEBA29-B10D-4BC9-AA2D-4D378861784E}.Debug|Any CPU.Build.0 = Debug|Any CPU
		{FDFEBA29-B10D-4BC9-AA2D-4D378861784E}.Release|Any CPU.ActiveCfg = Release|Any CPU
		{FDFEBA29-B10D-4BC9-AA2D-4D378861784E}.Release|Any CPU.Build.0 = Release|Any CPU
		{9FFE2D65-A509-4387-83A8-93AA4C58788D}.Debug|Any CPU.ActiveCfg = Debug|Any CPU
		{9FFE2D65-A509-4387-83A8-93AA4C58788D}.Debug|Any CPU.Build.0 = Debug|Any CPU
		{9FFE2D65-A509-4387-83A8-93AA4C58788D}.Release|Any CPU.ActiveCfg = Release|Any CPU
		{9FFE2D65-A509-4387-83A8-93AA4C58788D}.Release|Any CPU.Build.0 = Release|Any CPU
		{BB85BFF2-7F4F-429B-A80B-5FF8A31B2BA2}.Debug|Any CPU.ActiveCfg = Debug|Any CPU
		{BB85BFF2-7F4F-429B-A80B-5FF8A31B2BA2}.Debug|Any CPU.Build.0 = Debug|Any CPU
		{BB85BFF2-7F4F-429B-A80B-5FF8A31B2BA2}.Release|Any CPU.ActiveCfg = Release|Any CPU
		{BB85BFF2-7F4F-429B-A80B-5FF8A31B2BA2}.Release|Any CPU.Build.0 = Release|Any CPU
	EndGlobalSection
	GlobalSection(SolutionProperties) = preSolution
		HideSolutionNode = FALSE
	EndGlobalSection
	GlobalSection(ExtensibilityGlobals) = postSolution
		SolutionGuid = {D2A5418E-B0BD-4480-8EC4-90314B842684}
	EndGlobalSection
EndGlobal
